{
  "name": "homepilot-viral-personas",
  "version": "1.0.0",
  "lockfileVersion": 3,
  "requires": true,
  "packages": {
    "": {
      "name": "homepilot-viral-personas",
      "version": "1.0.0",
      "workspaces": [
        "packages/*",
        "mcp-servers/*"
      ],
      "devDependencies": {}
    },
    "mcp-servers/01-mcp-creator-muse": {
      "name": "@homepilot/mcp-creator-muse",
      "version": "1.0.0"
    },
    "mcp-servers/02-mcp-style-muse": {
      "name": "@homepilot/mcp-style-muse",
      "version": "1.0.0"
    },
    "mcp-servers/03-mcp-secretary-pro": {
      "name": "@homepilot/mcp-secretary-pro",
      "version": "1.0.0"
    },
    "mcp-servers/04-mcp-researcher": {
      "name": "@homepilot/mcp-researcher",
      "version": "1.0.0"
    },
    "mcp-servers/05-mcp-personal-trainer": {
      "name": "@homepilot/mcp-personal-trainer",
      "version": "1.0.0"
    },
    "mcp-servers/06-mcp-room-stylist": {
      "name": "@homepilot/mcp-room-stylist",
      "version": "1.0.0"
    },
    "mcp-servers/07-mcp-storyteller": {
      "name": "@homepilot/mcp-storyteller",
      "version": "1.0.0"
    },
    "mcp-servers/08-mcp-exam-coach": {
      "name": "@homepilot/mcp-exam-coach",
      "version": "1.0.0"
    },
    "mcp-servers/09-mcp-mindfulness-coach": {
      "name": "@homepilot/mcp-mindfulness-coach",
      "version": "1.0.0"
    },
    "mcp-servers/10-mcp-general-doctor": {
      "name": "@homepilot/mcp-general-doctor",
      "version": "1.0.0"
    },
    "node_modules/@homepilot/gallery-tools": {
      "resolved": "packages/gallery-tools",
      "link": true
    },
    "node_modules/@homepilot/hpersona-builder": {
      "resolved": "packages/hpersona-builder",
      "link": true
    },
    "node_modules/@homepilot/mcp-core": {
      "resolved": "packages/mcp-core",
      "link": true
    },
    "node_modules/@homepilot/mcp-creator-muse": {
      "resolved": "mcp-servers/01-mcp-creator-muse",
      "link": true
    },
    "node_modules/@homepilot/mcp-exam-coach": {
      "resolved": "mcp-servers/08-mcp-exam-coach",
      "link": true
    },
    "node_modules/@homepilot/mcp-general-doctor": {
      "resolved": "mcp-servers/10-mcp-general-doctor",
      "link": true
    },
    "node_modules/@homepilot/mcp-mindfulness-coach": {
      "resolved": "mcp-servers/09-mcp-mindfulness-coach",
      "link": true
    },
    "node_modules/@homepilot/mcp-personal-trainer": {
      "resolved": "mcp-servers/05-mcp-personal-trainer",
      "link": true
    },
    "node_modules/@homepilot/mcp-researcher": {
      "resolved": "mcp-servers/04-mcp-researcher",
      "link": true
    },
    "node_modules/@homepilot/mcp-room-stylist": {
      "resolved": "mcp-servers/06-mcp-room-stylist",
      "link": true
    },
    "node_modules/@homepilot/mcp-secretary-pro": {
      "resolved": "mcp-servers/03-mcp-secretary-pro",
      "link": true
    },
    "node_modules/@homepilot/mcp-storyteller": {
      "resolved": "mcp-servers/07-mcp-storyteller",
      "link": true
    },
    "node_modules/@homepilot/mcp-style-muse": {
      "resolved": "mcp-servers/02-mcp-style-muse",
      "link": true
    },
    "node_modules/@homepilot/persona-shared": {
      "resolved": "packages/persona-shared",
      "link": true
    },
    "packages/gallery-tools": {
      "name": "@homepilot/gallery-tools",
      "version": "1.0.0"
    },
    "packages/hpersona-builder": {
      "name": "@homepilot/hpersona-builder",
      "version": "1.0.0"
    },
    "packages/mcp-core": {
      "name": "@homepilot/mcp-core",
      "version": "1.0.0"
    },
    "packages/persona-shared": {
      "name": "@homepilot/persona-shared",
      "version": "1.0.0"
    }
  }
}
